// !$*UTF8*$!
{
	archiveVersion = 1;
	classes = {
	};
	objectVersion = 48;
	objects = {

/* Begin PBXBuildFile section */
		4C4E8F221FCD79650083DCDB /* AppDelegate.swift in Sources */ = {isa = PBXBuildFile; fileRef = 4C4E8F211FCD79650083DCDB /* AppDelegate.swift */; };
		4C4E8F241FCD79650083DCDB /* ViewController.swift in Sources */ = {isa = PBXBuildFile; fileRef = 4C4E8F231FCD79650083DCDB /* ViewController.swift */; };
		4C4E8F271FCD79650083DCDB /* Main.storyboard in Resources */ = {isa = PBXBuildFile; fileRef = 4C4E8F251FCD79650083DCDB /* Main.storyboard */; };
		4C4E8F2C1FCD79650083DCDB /* LaunchScreen.storyboard in Resources */ = {isa = PBXBuildFile; fileRef = 4C4E8F2A1FCD79650083DCDB /* LaunchScreen.storyboard */; };
		886FF72CFC2E5DB70B81C3AA /* Pods_UnidaysSampleApp.framework in Frameworks */ = {isa = PBXBuildFile; fileRef = 8A423ABD74AE295DF43851B4 /* Pods_UnidaysSampleApp.framework */; };
/* End PBXBuildFile section */

/* Begin PBXCopyFilesBuildPhase section */
		4CA5EFF62015DA8E0083C8C7 /* Embed Frameworks */ = {
			isa = PBXCopyFilesBuildPhase;
			buildActionMask = 2147483647;
			dstPath = "";
			dstSubfolderSpec = 10;
			files = (
			);
			name = "Embed Frameworks";
			runOnlyForDeploymentPostprocessing = 0;
		};
/* End PBXCopyFilesBuildPhase section */

/* Begin PBXFileReference section */
		4C4E8F1E1FCD79650083DCDB /* UnidaysSampleApp.app */ = {isa = PBXFileReference; explicitFileType = wrapper.application; includeInIndex = 0; path = UnidaysSampleApp.app; sourceTree = BUILT_PRODUCTS_DIR; };
		4C4E8F211FCD79650083DCDB /* AppDelegate.swift */ = {isa = PBXFileReference; lastKnownFileType = sourcecode.swift; path = AppDelegate.swift; sourceTree = "<group>"; };
		4C4E8F231FCD79650083DCDB /* ViewController.swift */ = {isa = PBXFileReference; lastKnownFileType = sourcecode.swift; path = ViewController.swift; sourceTree = "<group>"; };
		4C4E8F261FCD79650083DCDB /* Base */ = {isa = PBXFileReference; lastKnownFileType = file.storyboard; name = Base; path = Base.lproj/Main.storyboard; sourceTree = "<group>"; };
		4C4E8F2B1FCD79650083DCDB /* Base */ = {isa = PBXFileReference; lastKnownFileType = file.storyboard; name = Base; path = Base.lproj/LaunchScreen.storyboard; sourceTree = "<group>"; };
		4C4E8F2D1FCD79650083DCDB /* Info.plist */ = {isa = PBXFileReference; lastKnownFileType = text.plist.xml; path = Info.plist; sourceTree = "<group>"; };
		709DE4A3CAE153047E3A5667 /* Pods-UnidaysSampleApp.release.xcconfig */ = {isa = PBXFileReference; includeInIndex = 1; lastKnownFileType = text.xcconfig; name = "Pods-UnidaysSampleApp.release.xcconfig"; path = "Pods/Target Support Files/Pods-UnidaysSampleApp/Pods-UnidaysSampleApp.release.xcconfig"; sourceTree = "<group>"; };
		8A423ABD74AE295DF43851B4 /* Pods_UnidaysSampleApp.framework */ = {isa = PBXFileReference; explicitFileType = wrapper.framework; includeInIndex = 0; path = Pods_UnidaysSampleApp.framework; sourceTree = BUILT_PRODUCTS_DIR; };
		C300C6D7ACB7A9B651158369 /* Pods-UnidaysSampleApp.debug.xcconfig */ = {isa = PBXFileReference; includeInIndex = 1; lastKnownFileType = text.xcconfig; name = "Pods-UnidaysSampleApp.debug.xcconfig"; path = "Pods/Target Support Files/Pods-UnidaysSampleApp/Pods-UnidaysSampleApp.debug.xcconfig"; sourceTree = "<group>"; };
/* End PBXFileReference section */

/* Begin PBXFrameworksBuildPhase section */
		4C4E8F1B1FCD79650083DCDB /* Frameworks */ = {
			isa = PBXFrameworksBuildPhase;
			buildActionMask = 2147483647;
			files = (
				886FF72CFC2E5DB70B81C3AA /* Pods_UnidaysSampleApp.framework in Frameworks */,
			);
			runOnlyForDeploymentPostprocessing = 0;
		};
/* End PBXFrameworksBuildPhase section */

/* Begin PBXGroup section */
		4C4E8F151FCD79640083DCDB = {
			isa = PBXGroup;
			children = (
				4C4E8F201FCD79650083DCDB /* UnidaysSampleApp */,
				4C4E8F1F1FCD79650083DCDB /* Products */,
				4C4E8F331FCD7A810083DCDB /* Frameworks */,
				62F360765EC8BA954A5075FA /* Pods */,
			);
			sourceTree = "<group>";
		};
		4C4E8F1F1FCD79650083DCDB /* Products */ = {
			isa = PBXGroup;
			children = (
				4C4E8F1E1FCD79650083DCDB /* UnidaysSampleApp.app */,
			);
			name = Products;
			sourceTree = "<group>";
		};
		4C4E8F201FCD79650083DCDB /* UnidaysSampleApp */ = {
			isa = PBXGroup;
			children = (
				4C4E8F211FCD79650083DCDB /* AppDelegate.swift */,
				4C4E8F231FCD79650083DCDB /* ViewController.swift */,
				4C4E8F251FCD79650083DCDB /* Main.storyboard */,
				4C4E8F2A1FCD79650083DCDB /* LaunchScreen.storyboard */,
				4C4E8F2D1FCD79650083DCDB /* Info.plist */,
			);
			path = UnidaysSampleApp;
			sourceTree = "<group>";
		};
		4C4E8F331FCD7A810083DCDB /* Frameworks */ = {
			isa = PBXGroup;
			children = (
				8A423ABD74AE295DF43851B4 /* Pods_UnidaysSampleApp.framework */,
			);
			name = Frameworks;
			sourceTree = "<group>";
		};
		62F360765EC8BA954A5075FA /* Pods */ = {
			isa = PBXGroup;
			children = (
				C300C6D7ACB7A9B651158369 /* Pods-UnidaysSampleApp.debug.xcconfig */,
				709DE4A3CAE153047E3A5667 /* Pods-UnidaysSampleApp.release.xcconfig */,
			);
			name = Pods;
			sourceTree = "<group>";
		};
/* End PBXGroup section */

/* Begin PBXNativeTarget section */
		4C4E8F1D1FCD79650083DCDB /* UnidaysSampleApp */ = {
			isa = PBXNativeTarget;
			buildConfigurationList = 4C4E8F301FCD79650083DCDB /* Build configuration list for PBXNativeTarget "UnidaysSampleApp" */;
			buildPhases = (
				84DBF40D634F5B4BF80BAA78 /* [CP] Check Pods Manifest.lock */,
				4C4E8F1A1FCD79650083DCDB /* Sources */,
				4C4E8F1B1FCD79650083DCDB /* Frameworks */,
				4C4E8F1C1FCD79650083DCDB /* Resources */,
				4CA5EFF62015DA8E0083C8C7 /* Embed Frameworks */,
				3080DEF4673113E7B8714B79 /* [CP] Embed Pods Frameworks */,
				72DB68CD9105941E11F6A765 /* [CP] Copy Pods Resources */,
			);
			buildRules = (
			);
			dependencies = (
			);
			name = UnidaysSampleApp;
			productName = ROFLApp;
			productReference = 4C4E8F1E1FCD79650083DCDB /* UnidaysSampleApp.app */;
			productType = "com.apple.product-type.application";
		};
/* End PBXNativeTarget section */

/* Begin PBXProject section */
		4C4E8F161FCD79640083DCDB /* Project object */ = {
			isa = PBXProject;
			attributes = {
				LastSwiftUpdateCheck = 0900;
				LastUpgradeCheck = 0900;
				ORGANIZATIONNAME = MyUNiDAYS;
				TargetAttributes = {
					4C4E8F1D1FCD79650083DCDB = {
						CreatedOnToolsVersion = 9.0;
						ProvisioningStyle = Manual;
					};
				};
			};
			buildConfigurationList = 4C4E8F191FCD79640083DCDB /* Build configuration list for PBXProject "UnidaysSampleApp" */;
			compatibilityVersion = "Xcode 8.0";
			developmentRegion = en;
			hasScannedForEncodings = 0;
			knownRegions = (
				en,
				Base,
			);
			mainGroup = 4C4E8F151FCD79640083DCDB;
			productRefGroup = 4C4E8F1F1FCD79650083DCDB /* Products */;
			projectDirPath = "";
			projectRoot = "";
			targets = (
				4C4E8F1D1FCD79650083DCDB /* UnidaysSampleApp */,
			);
		};
/* End PBXProject section */

/* Begin PBXResourcesBuildPhase section */
		4C4E8F1C1FCD79650083DCDB /* Resources */ = {
			isa = PBXResourcesBuildPhase;
			buildActionMask = 2147483647;
			files = (
				4C4E8F2C1FCD79650083DCDB /* LaunchScreen.storyboard in Resources */,
				4C4E8F271FCD79650083DCDB /* Main.storyboard in Resources */,
			);
			runOnlyForDeploymentPostprocessing = 0;
		};
/* End PBXResourcesBuildPhase section */

/* Begin PBXShellScriptBuildPhase section */
		3080DEF4673113E7B8714B79 /* [CP] Embed Pods Frameworks */ = {
			isa = PBXShellScriptBuildPhase;
			buildActionMask = 2147483647;
			files = (
			);
			inputPaths = (
				"${SRCROOT}/Pods/Target Support Files/Pods-UnidaysSampleApp/Pods-UnidaysSampleApp-frameworks.sh",
				"${BUILT_PRODUCTS_DIR}/UnidaysVerificationSDK/UnidaysVerificationSDK.framework",
			);
			name = "[CP] Embed Pods Frameworks";
			outputPaths = (
				"${TARGET_BUILD_DIR}/${FRAMEWORKS_FOLDER_PATH}/UnidaysVerificationSDK.framework",
			);
			runOnlyForDeploymentPostprocessing = 0;
			shellPath = /bin/sh;
			shellScript = "\"${SRCROOT}/Pods/Target Support Files/Pods-UnidaysSampleApp/Pods-UnidaysSampleApp-frameworks.sh\"\n";
			showEnvVarsInLog = 0;
		};
		72DB68CD9105941E11F6A765 /* [CP] Copy Pods Resources */ = {
			isa = PBXShellScriptBuildPhase;
			buildActionMask = 2147483647;
			files = (
			);
			inputPaths = (
			);
			name = "[CP] Copy Pods Resources";
			outputPaths = (
			);
			runOnlyForDeploymentPostprocessing = 0;
			shellPath = /bin/sh;
			shellScript = "\"${SRCROOT}/Pods/Target Support Files/Pods-UnidaysSampleApp/Pods-UnidaysSampleApp-resources.sh\"\n";
			showEnvVarsInLog = 0;
		};
		84DBF40D634F5B4BF80BAA78 /* [CP] Check Pods Manifest.lock */ = {
			isa = PBXShellScriptBuildPhase;
			buildActionMask = 2147483647;
			files = (
			);
			inputPaths = (
				"${PODS_PODFILE_DIR_PATH}/Podfile.lock",
				"${PODS_ROOT}/Manifest.lock",
			);
			name = "[CP] Check Pods Manifest.lock";
			outputPaths = (
				"$(DERIVED_FILE_DIR)/Pods-UnidaysSampleApp-checkManifestLockResult.txt",
			);
			runOnlyForDeploymentPostprocessing = 0;
			shellPath = /bin/sh;
			shellScript = "diff \"${PODS_PODFILE_DIR_PATH}/Podfile.lock\" \"${PODS_ROOT}/Manifest.lock\" > /dev/null\nif [ $? != 0 ] ; then\n    # print error to STDERR\n    echo \"error: The sandbox is not in sync with the Podfile.lock. Run 'pod install' or update your CocoaPods installation.\" >&2\n    exit 1\nfi\n# This output is used by Xcode 'outputs' to avoid re-running this script phase.\necho \"SUCCESS\" > \"${SCRIPT_OUTPUT_FILE_0}\"\n";
			showEnvVarsInLog = 0;
		};
/* End PBXShellScriptBuildPhase section */

/* Begin PBXSourcesBuildPhase section */
		4C4E8F1A1FCD79650083DCDB /* Sources */ = {
			isa = PBXSourcesBuildPhase;
			buildActionMask = 2147483647;
			files = (
				4C4E8F241FCD79650083DCDB /* ViewController.swift in Sources */,
				4C4E8F221FCD79650083DCDB /* AppDelegate.swift in Sources */,
			);
			runOnlyForDeploymentPostprocessing = 0;
		};
/* End PBXSourcesBuildPhase section */

/* Begin PBXVariantGroup section */
		4C4E8F251FCD79650083DCDB /* Main.storyboard */ = {
			isa = PBXVariantGroup;
			children = (
				4C4E8F261FCD79650083DCDB /* Base */,
			);
			name = Main.storyboard;
			sourceTree = "<group>";
		};
		4C4E8F2A1FCD79650083DCDB /* LaunchScreen.storyboard */ = {
			isa = PBXVariantGroup;
			children = (
				4C4E8F2B1FCD79650083DCDB /* Base */,
			);
			name = LaunchScreen.storyboard;
			sourceTree = "<group>";
		};
/* End PBXVariantGroup section */

/* Begin XCBuildConfiguration section */
		4C4E8F2E1FCD79650083DCDB /* Debug */ = {
			isa = XCBuildConfiguration;
			buildSettings = {
				ALWAYS_SEARCH_USER_PATHS = NO;
				CLANG_ANALYZER_NONNULL = YES;
				CLANG_ANALYZER_NUMBER_OBJECT_CONVERSION = YES_AGGRESSIVE;
				CLANG_CXX_LANGUAGE_STANDARD = "gnu++14";
				CLANG_CXX_LIBRARY = "libc++";
				CLANG_ENABLE_MODULES = YES;
				CLANG_ENABLE_OBJC_ARC = YES;
				CLANG_WARN_BLOCK_CAPTURE_AUTORELEASING = YES;
				CLANG_WARN_BOOL_CONVERSION = YES;
				CLANG_WARN_COMMA = YES;
				CLANG_WARN_CONSTANT_CONVERSION = YES;
				CLANG_WARN_DIRECT_OBJC_ISA_USAGE = YES_ERROR;
				CLANG_WARN_DOCUMENTATION_COMMENTS = YES;
				CLANG_WARN_EMPTY_BODY = YES;
				CLANG_WARN_ENUM_CONVERSION = YES;
				CLANG_WARN_INFINITE_RECURSION = YES;
				CLANG_WARN_INT_CONVERSION = YES;
				CLANG_WARN_NON_LITERAL_NULL_CONVERSION = YES;
				CLANG_WARN_OBJC_LITERAL_CONVERSION = YES;
				CLANG_WARN_OBJC_ROOT_CLASS = YES_ERROR;
				CLANG_WARN_RANGE_LOOP_ANALYSIS = YES;
				CLANG_WARN_STRICT_PROTOTYPES = YES;
				CLANG_WARN_SUSPICIOUS_MOVE = YES;
				CLANG_WARN_UNGUARDED_AVAILABILITY = YES_AGGRESSIVE;
				CLANG_WARN_UNREACHABLE_CODE = YES;
				CLANG_WARN__DUPLICATE_METHOD_MATCH = YES;
				CODE_SIGN_IDENTITY = "iPhone Developer";
				COPY_PHASE_STRIP = NO;
				DEBUG_INFORMATION_FORMAT = dwarf;
				ENABLE_STRICT_OBJC_MSGSEND = YES;
				ENABLE_TESTABILITY = YES;
				GCC_C_LANGUAGE_STANDARD = gnu11;
				GCC_DYNAMIC_NO_PIC = NO;
				GCC_NO_COMMON_BLOCKS = YES;
				GCC_OPTIMIZATION_LEVEL = 0;
				GCC_PREPROCESSOR_DEFINITIONS = (
					"DEBUG=1",
					"$(inherited)",
				);
				GCC_WARN_64_TO_32_BIT_CONVERSION = YES;
				GCC_WARN_ABOUT_RETURN_TYPE = YES_ERROR;
				GCC_WARN_UNDECLARED_SELECTOR = YES;
				GCC_WARN_UNINITIALIZED_AUTOS = YES_AGGRESSIVE;
				GCC_WARN_UNUSED_FUNCTION = YES;
				GCC_WARN_UNUSED_VARIABLE = YES;
				IPHONEOS_DEPLOYMENT_TARGET = 11.0;
				MTL_ENABLE_DEBUG_INFO = YES;
				ONLY_ACTIVE_ARCH = YES;
				SDKROOT = iphoneos;
				SWIFT_ACTIVE_COMPILATION_CONDITIONS = DEBUG;
				SWIFT_OPTIMIZATION_LEVEL = "-Onone";
			};
			name = Debug;
		};
		4C4E8F2F1FCD79650083DCDB /* Release */ = {
			isa = XCBuildConfiguration;
			buildSettings = {
				ALWAYS_SEARCH_USER_PATHS = NO;
				CLANG_ANALYZER_NONNULL = YES;
				CLANG_ANALYZER_NUMBER_OBJECT_CONVERSION = YES_AGGRESSIVE;
				CLANG_CXX_LANGUAGE_STANDARD = "gnu++14";
				CLANG_CXX_LIBRARY = "libc++";
				CLANG_ENABLE_MODULES = YES;
				CLANG_ENABLE_OBJC_ARC = YES;
				CLANG_WARN_BLOCK_CAPTURE_AUTORELEASING = YES;
				CLANG_WARN_BOOL_CONVERSION = YES;
				CLANG_WARN_COMMA = YES;
				CLANG_WARN_CONSTANT_CONVERSION = YES;
				CLANG_WARN_DIRECT_OBJC_ISA_USAGE = YES_ERROR;
				CLANG_WARN_DOCUMENTATION_COMMENTS = YES;
				CLANG_WARN_EMPTY_BODY = YES;
				CLANG_WARN_ENUM_CONVERSION = YES;
				CLANG_WARN_INFINITE_RECURSION = YES;
				CLANG_WARN_INT_CONVERSION = YES;
				CLANG_WARN_NON_LITERAL_NULL_CONVERSION = YES;
				CLANG_WARN_OBJC_LITERAL_CONVERSION = YES;
				CLANG_WARN_OBJC_ROOT_CLASS = YES_ERROR;
				CLANG_WARN_RANGE_LOOP_ANALYSIS = YES;
				CLANG_WARN_STRICT_PROTOTYPES = YES;
				CLANG_WARN_SUSPICIOUS_MOVE = YES;
				CLANG_WARN_UNGUARDED_AVAILABILITY = YES_AGGRESSIVE;
				CLANG_WARN_UNREACHABLE_CODE = YES;
				CLANG_WARN__DUPLICATE_METHOD_MATCH = YES;
				CODE_SIGN_IDENTITY = "iPhone Developer";
				COPY_PHASE_STRIP = NO;
				DEBUG_INFORMATION_FORMAT = "dwarf-with-dsym";
				ENABLE_NS_ASSERTIONS = NO;
				ENABLE_STRICT_OBJC_MSGSEND = YES;
				GCC_C_LANGUAGE_STANDARD = gnu11;
				GCC_NO_COMMON_BLOCKS = YES;
				GCC_WARN_64_TO_32_BIT_CONVERSION = YES;
				GCC_WARN_ABOUT_RETURN_TYPE = YES_ERROR;
				GCC_WARN_UNDECLARED_SELECTOR = YES;
				GCC_WARN_UNINITIALIZED_AUTOS = YES_AGGRESSIVE;
				GCC_WARN_UNUSED_FUNCTION = YES;
				GCC_WARN_UNUSED_VARIABLE = YES;
				IPHONEOS_DEPLOYMENT_TARGET = 11.0;
				MTL_ENABLE_DEBUG_INFO = NO;
				SDKROOT = iphoneos;
				SWIFT_OPTIMIZATION_LEVEL = "-Owholemodule";
				VALIDATE_PRODUCT = YES;
			};
			name = Release;
		};
		4C4E8F311FCD79650083DCDB /* Debug */ = {
			isa = XCBuildConfiguration;
			baseConfigurationReference = C300C6D7ACB7A9B651158369 /* Pods-UnidaysSampleApp.debug.xcconfig */;
			buildSettings = {
				ASSETCATALOG_COMPILER_APPICON_NAME = AppIcon;
				CODE_SIGN_STYLE = Manual;
				DEVELOPMENT_TEAM = QP2YPVUADE;
				INFOPLIST_FILE = "$(SRCROOT)/UnidaysSampleApp/Info.plist";
				LD_RUNPATH_SEARCH_PATHS = "$(inherited) @executable_path/Frameworks";
				PRODUCT_BUNDLE_IDENTIFIER = com.myunidays.unidays.snapshot;
				PRODUCT_NAME = "$(TARGET_NAME)";
				PROVISIONING_PROFILE = "64032165-6db0-4eb8-8538-de995fca45e1";
				PROVISIONING_PROFILE_SPECIFIER = "match Development com.myunidays.unidays.snapshot";
				SWIFT_VERSION = 4.0;
				TARGETED_DEVICE_FAMILY = "1,2";
			};
			name = Debug;
		};
		4C4E8F321FCD79650083DCDB /* Release */ = {
			isa = XCBuildConfiguration;
			baseConfigurationReference = 709DE4A3CAE153047E3A5667 /* Pods-UnidaysSampleApp.release.xcconfig */;
			buildSettings = {
				ASSETCATALOG_COMPILER_APPICON_NAME = AppIcon;
				CODE_SIGN_STYLE = Manual;
				DEVELOPMENT_TEAM = "";
				INFOPLIST_FILE = "$(SRCROOT)/UnidaysSampleApp/Info.plist";
				LD_RUNPATH_SEARCH_PATHS = "$(inherited) @executable_path/Frameworks";
				PRODUCT_BUNDLE_IDENTIFIER = com.myunidays.unidays.snapshot;
				PRODUCT_NAME = "$(TARGET_NAME)";
				PROVISIONING_PROFILE_SPECIFIER = "";
				SWIFT_VERSION = 4.0;
				TARGETED_DEVICE_FAMILY = "1,2";
			};
			name = Release;
		};
/* End XCBuildConfiguration section */

/* Begin XCConfigurationList section */
		4C4E8F191FCD79640083DCDB /* Build configuration list for PBXProject "UnidaysSampleApp" */ = {
			isa = XCConfigurationList;
			buildConfigurations = (
				4C4E8F2E1FCD79650083DCDB /* Debug */,
				4C4E8F2F1FCD79650083DCDB /* Release */,
			);
			defaultConfigurationIsVisible = 0;
			defaultConfigurationName = Release;
		};
		4C4E8F301FCD79650083DCDB /* Build configuration list for PBXNativeTarget "UnidaysSampleApp" */ = {
			isa = XCConfigurationList;
			buildConfigurations = (
				4C4E8F311FCD79650083DCDB /* Debug */,
				4C4E8F321FCD79650083DCDB /* Release */,
			);
			defaultConfigurationIsVisible = 0;
			defaultConfigurationName = Release;
		};
/* End XCConfigurationList section */
	};
	rootObject = 4C4E8F161FCD79640083DCDB /* Project object */;
}
